// !$*UTF8*$!
{
	archiveVersion = 1;
	classes = {
	};
	objectVersion = 51;
	objects = {

/* Begin PBXBuildFile section */
		8D1566DB246E4AE4009E73D0 /* UserByTappedViewController.swift in Sources */ = {isa = PBXBuildFile; fileRef = 8D1566DA246E4AE4009E73D0 /* UserByTappedViewController.swift */; };
		8D1566DD246E4B22009E73D0 /* CounselorByTappedViewController.swift in Sources */ = {isa = PBXBuildFile; fileRef = 8D1566DC246E4B22009E73D0 /* CounselorByTappedViewController.swift */; };
		8D1566DF246E4C6F009E73D0 /* UserByTappedContenerViewController.swift in Sources */ = {isa = PBXBuildFile; fileRef = 8D1566DE246E4C6F009E73D0 /* UserByTappedContenerViewController.swift */; };
		8D1566E1246E4C8F009E73D0 /* CounselorByTappedContenerViewController.swift in Sources */ = {isa = PBXBuildFile; fileRef = 8D1566E0246E4C8F009E73D0 /* CounselorByTappedContenerViewController.swift */; };
		8D38436B246D6ECF0036F42F /* AppDelegate.swift in Sources */ = {isa = PBXBuildFile; fileRef = 8D38436A246D6ECF0036F42F /* AppDelegate.swift */; };
		8D38436D246D6ECF0036F42F /* SceneDelegate.swift in Sources */ = {isa = PBXBuildFile; fileRef = 8D38436C246D6ECF0036F42F /* SceneDelegate.swift */; };
		8D38436F246D6ECF0036F42F /* RootViewController.swift in Sources */ = {isa = PBXBuildFile; fileRef = 8D38436E246D6ECF0036F42F /* RootViewController.swift */; };
		8D384372246D6ECF0036F42F /* Main.storyboard in Resources */ = {isa = PBXBuildFile; fileRef = 8D384370246D6ECF0036F42F /* Main.storyboard */; };
		8D384374246D6ED10036F42F /* Assets.xcassets in Resources */ = {isa = PBXBuildFile; fileRef = 8D384373246D6ED10036F42F /* Assets.xcassets */; };
		8D384377246D6ED10036F42F /* LaunchScreen.storyboard in Resources */ = {isa = PBXBuildFile; fileRef = 8D384375246D6ED10036F42F /* LaunchScreen.storyboard */; };
		8D38437F246D6F6F0036F42F /* GoogleService-Info.plist in Resources */ = {isa = PBXBuildFile; fileRef = 8D38437E246D6F6F0036F42F /* GoogleService-Info.plist */; };
		8D421AAF246E706A00758F4B /* CustomTableViewCell.swift in Sources */ = {isa = PBXBuildFile; fileRef = 8D421AAD246E706A00758F4B /* CustomTableViewCell.swift */; };
		8D421AB0246E706A00758F4B /* CustomTableViewCell.xib in Resources */ = {isa = PBXBuildFile; fileRef = 8D421AAE246E706A00758F4B /* CustomTableViewCell.xib */; };
		8D750680246D9EA00054497A /* AreaViewController.swift in Sources */ = {isa = PBXBuildFile; fileRef = 8D75067F246D9EA00054497A /* AreaViewController.swift */; };
		8D750682246D9F640054497A /* HobbyViewController.swift in Sources */ = {isa = PBXBuildFile; fileRef = 8D750681246D9F640054497A /* HobbyViewController.swift */; };
		8D750684246D9FA90054497A /* SelfIntroViewController.swift in Sources */ = {isa = PBXBuildFile; fileRef = 8D750683246D9FA90054497A /* SelfIntroViewController.swift */; };
		8D750686246DA4CD0054497A /* TabbarController.swift in Sources */ = {isa = PBXBuildFile; fileRef = 8D750685246DA4CD0054497A /* TabbarController.swift */; };
		8D750688246DA88B0054497A /* LoginViewController.swift in Sources */ = {isa = PBXBuildFile; fileRef = 8D750687246DA88B0054497A /* LoginViewController.swift */; };
		8D88C74B246D74F600145BD2 /* Model.swift in Sources */ = {isa = PBXBuildFile; fileRef = 8D88C74A246D74F600145BD2 /* Model.swift */; };
		8D88C74D246D760300145BD2 /* AccountCreateViewController.swift in Sources */ = {isa = PBXBuildFile; fileRef = 8D88C74C246D760300145BD2 /* AccountCreateViewController.swift */; };
		8D88C74F246D76A600145BD2 /* ProfileRegisterViewController.swift in Sources */ = {isa = PBXBuildFile; fileRef = 8D88C74E246D76A600145BD2 /* ProfileRegisterViewController.swift */; };
		8D88C751246D778300145BD2 /* AccountTakeoverViewController.swift in Sources */ = {isa = PBXBuildFile; fileRef = 8D88C750246D778300145BD2 /* AccountTakeoverViewController.swift */; };
		8D88C755246D7A0A00145BD2 /* HomeViewController.swift in Sources */ = {isa = PBXBuildFile; fileRef = 8D88C754246D7A0A00145BD2 /* HomeViewController.swift */; };
		8D88C757246D7A8000145BD2 /* MessageViewController.swift in Sources */ = {isa = PBXBuildFile; fileRef = 8D88C756246D7A8000145BD2 /* MessageViewController.swift */; };
		8D88C759246D7B7300145BD2 /* HistoryViewController.swift in Sources */ = {isa = PBXBuildFile; fileRef = 8D88C758246D7B7300145BD2 /* HistoryViewController.swift */; };
		8D88C75B246D7BAB00145BD2 /* TimelineViewController.swift in Sources */ = {isa = PBXBuildFile; fileRef = 8D88C75A246D7BAB00145BD2 /* TimelineViewController.swift */; };
		8D88C75D246D7BE400145BD2 /* MyPageViewController.swift in Sources */ = {isa = PBXBuildFile; fileRef = 8D88C75C246D7BE400145BD2 /* MyPageViewController.swift */; };
		D0F9A2F8D10464F11C14F1BF /* Pods_OnlineCounseling.framework in Frameworks */ = {isa = PBXBuildFile; fileRef = 1254F21FA75B2904B0420527 /* Pods_OnlineCounseling.framework */; };
/* End PBXBuildFile section */

/* Begin PBXFileReference section */
		1254F21FA75B2904B0420527 /* Pods_OnlineCounseling.framework */ = {isa = PBXFileReference; explicitFileType = wrapper.framework; includeInIndex = 0; path = Pods_OnlineCounseling.framework; sourceTree = BUILT_PRODUCTS_DIR; };
		57AAAA0547DA6935D56A5A79 /* Pods-OnlineCounseling.release.xcconfig */ = {isa = PBXFileReference; includeInIndex = 1; lastKnownFileType = text.xcconfig; name = "Pods-OnlineCounseling.release.xcconfig"; path = "Target Support Files/Pods-OnlineCounseling/Pods-OnlineCounseling.release.xcconfig"; sourceTree = "<group>"; };
		8D1566DA246E4AE4009E73D0 /* UserByTappedViewController.swift */ = {isa = PBXFileReference; lastKnownFileType = sourcecode.swift; path = UserByTappedViewController.swift; sourceTree = "<group>"; };
		8D1566DC246E4B22009E73D0 /* CounselorByTappedViewController.swift */ = {isa = PBXFileReference; lastKnownFileType = sourcecode.swift; path = CounselorByTappedViewController.swift; sourceTree = "<group>"; };
		8D1566DE246E4C6F009E73D0 /* UserByTappedContenerViewController.swift */ = {isa = PBXFileReference; lastKnownFileType = sourcecode.swift; path = UserByTappedContenerViewController.swift; sourceTree = "<group>"; };
		8D1566E0246E4C8F009E73D0 /* CounselorByTappedContenerViewController.swift */ = {isa = PBXFileReference; lastKnownFileType = sourcecode.swift; path = CounselorByTappedContenerViewController.swift; sourceTree = "<group>"; };
		8D384367246D6ECF0036F42F /* OnlineCounseling.app */ = {isa = PBXFileReference; explicitFileType = wrapper.application; includeInIndex = 0; path = OnlineCounseling.app; sourceTree = BUILT_PRODUCTS_DIR; };
		8D38436A246D6ECF0036F42F /* AppDelegate.swift */ = {isa = PBXFileReference; lastKnownFileType = sourcecode.swift; path = AppDelegate.swift; sourceTree = "<group>"; };
		8D38436C246D6ECF0036F42F /* SceneDelegate.swift */ = {isa = PBXFileReference; lastKnownFileType = sourcecode.swift; path = SceneDelegate.swift; sourceTree = "<group>"; };
		8D38436E246D6ECF0036F42F /* RootViewController.swift */ = {isa = PBXFileReference; lastKnownFileType = sourcecode.swift; path = RootViewController.swift; sourceTree = "<group>"; };
		8D384371246D6ECF0036F42F /* Base */ = {isa = PBXFileReference; lastKnownFileType = file.storyboard; name = Base; path = Base.lproj/Main.storyboard; sourceTree = "<group>"; };
		8D384373246D6ED10036F42F /* Assets.xcassets */ = {isa = PBXFileReference; lastKnownFileType = folder.assetcatalog; path = Assets.xcassets; sourceTree = "<group>"; };
		8D384376246D6ED10036F42F /* Base */ = {isa = PBXFileReference; lastKnownFileType = file.storyboard; name = Base; path = Base.lproj/LaunchScreen.storyboard; sourceTree = "<group>"; };
		8D384378246D6ED10036F42F /* Info.plist */ = {isa = PBXFileReference; lastKnownFileType = text.plist.xml; path = Info.plist; sourceTree = "<group>"; };
		8D38437E246D6F6F0036F42F /* GoogleService-Info.plist */ = {isa = PBXFileReference; fileEncoding = 4; lastKnownFileType = text.plist.xml; name = "GoogleService-Info.plist"; path = "../../../../Downloads/GoogleService-Info.plist"; sourceTree = "<group>"; };
		8D421AAD246E706A00758F4B /* CustomTableViewCell.swift */ = {isa = PBXFileReference; lastKnownFileType = sourcecode.swift; path = CustomTableViewCell.swift; sourceTree = "<group>"; };
		8D421AAE246E706A00758F4B /* CustomTableViewCell.xib */ = {isa = PBXFileReference; lastKnownFileType = file.xib; path = CustomTableViewCell.xib; sourceTree = "<group>"; };
		8D75067F246D9EA00054497A /* AreaViewController.swift */ = {isa = PBXFileReference; lastKnownFileType = sourcecode.swift; path = AreaViewController.swift; sourceTree = "<group>"; };
		8D750681246D9F640054497A /* HobbyViewController.swift */ = {isa = PBXFileReference; lastKnownFileType = sourcecode.swift; path = HobbyViewController.swift; sourceTree = "<group>"; };
		8D750683246D9FA90054497A /* SelfIntroViewController.swift */ = {isa = PBXFileReference; lastKnownFileType = sourcecode.swift; path = SelfIntroViewController.swift; sourceTree = "<group>"; };
		8D750685246DA4CD0054497A /* TabbarController.swift */ = {isa = PBXFileReference; lastKnownFileType = sourcecode.swift; path = TabbarController.swift; sourceTree = "<group>"; };
		8D750687246DA88B0054497A /* LoginViewController.swift */ = {isa = PBXFileReference; lastKnownFileType = sourcecode.swift; path = LoginViewController.swift; sourceTree = "<group>"; };
		8D88C74A246D74F600145BD2 /* Model.swift */ = {isa = PBXFileReference; lastKnownFileType = sourcecode.swift; path = Model.swift; sourceTree = "<group>"; };
		8D88C74C246D760300145BD2 /* AccountCreateViewController.swift */ = {isa = PBXFileReference; lastKnownFileType = sourcecode.swift; path = AccountCreateViewController.swift; sourceTree = "<group>"; };
		8D88C74E246D76A600145BD2 /* ProfileRegisterViewController.swift */ = {isa = PBXFileReference; lastKnownFileType = sourcecode.swift; path = ProfileRegisterViewController.swift; sourceTree = "<group>"; };
		8D88C750246D778300145BD2 /* AccountTakeoverViewController.swift */ = {isa = PBXFileReference; lastKnownFileType = sourcecode.swift; path = AccountTakeoverViewController.swift; sourceTree = "<group>"; };
		8D88C754246D7A0A00145BD2 /* HomeViewController.swift */ = {isa = PBXFileReference; lastKnownFileType = sourcecode.swift; path = HomeViewController.swift; sourceTree = "<group>"; };
		8D88C756246D7A8000145BD2 /* MessageViewController.swift */ = {isa = PBXFileReference; lastKnownFileType = sourcecode.swift; path = MessageViewController.swift; sourceTree = "<group>"; };
		8D88C758246D7B7300145BD2 /* HistoryViewController.swift */ = {isa = PBXFileReference; lastKnownFileType = sourcecode.swift; path = HistoryViewController.swift; sourceTree = "<group>"; };
		8D88C75A246D7BAB00145BD2 /* TimelineViewController.swift */ = {isa = PBXFileReference; lastKnownFileType = sourcecode.swift; path = TimelineViewController.swift; sourceTree = "<group>"; };
		8D88C75C246D7BE400145BD2 /* MyPageViewController.swift */ = {isa = PBXFileReference; lastKnownFileType = sourcecode.swift; path = MyPageViewController.swift; sourceTree = "<group>"; };
		92E5C629918B0906E252E473 /* Pods-OnlineCounseling.debug.xcconfig */ = {isa = PBXFileReference; includeInIndex = 1; lastKnownFileType = text.xcconfig; name = "Pods-OnlineCounseling.debug.xcconfig"; path = "Target Support Files/Pods-OnlineCounseling/Pods-OnlineCounseling.debug.xcconfig"; sourceTree = "<group>"; };
/* End PBXFileReference section */

/* Begin PBXFrameworksBuildPhase section */
		8D384364246D6ECF0036F42F /* Frameworks */ = {
			isa = PBXFrameworksBuildPhase;
			buildActionMask = 2147483647;
			files = (
				D0F9A2F8D10464F11C14F1BF /* Pods_OnlineCounseling.framework in Frameworks */,
			);
			runOnlyForDeploymentPostprocessing = 0;
		};
/* End PBXFrameworksBuildPhase section */

/* Begin PBXGroup section */
		100D874367A9B05DB8F68A09 /* Pods */ = {
			isa = PBXGroup;
			children = (
				92E5C629918B0906E252E473 /* Pods-OnlineCounseling.debug.xcconfig */,
				57AAAA0547DA6935D56A5A79 /* Pods-OnlineCounseling.release.xcconfig */,
			);
			path = Pods;
			sourceTree = "<group>";
		};
		368F8F0EBD29977ABE25E6D0 /* Frameworks */ = {
			isa = PBXGroup;
			children = (
				1254F21FA75B2904B0420527 /* Pods_OnlineCounseling.framework */,
			);
			name = Frameworks;
			sourceTree = "<group>";
		};
		8D38435E246D6ECF0036F42F = {
			isa = PBXGroup;
			children = (
				8D384369246D6ECF0036F42F /* OnlineCounseling */,
				8D384368246D6ECF0036F42F /* Products */,
				100D874367A9B05DB8F68A09 /* Pods */,
				368F8F0EBD29977ABE25E6D0 /* Frameworks */,
			);
			sourceTree = "<group>";
		};
		8D384368246D6ECF0036F42F /* Products */ = {
			isa = PBXGroup;
			children = (
				8D384367246D6ECF0036F42F /* OnlineCounseling.app */,
			);
			name = Products;
			sourceTree = "<group>";
		};
		8D384369246D6ECF0036F42F /* OnlineCounseling */ = {
			isa = PBXGroup;
			children = (
				8D88C749246D748C00145BD2 /* Model */,
				8D88C748246D746600145BD2 /* View */,
				8D88C747246D741300145BD2 /* Controller */,
				8D384373246D6ED10036F42F /* Assets.xcassets */,
				8D38437E246D6F6F0036F42F /* GoogleService-Info.plist */,
				8D384378246D6ED10036F42F /* Info.plist */,
			);
			path = OnlineCounseling;
			sourceTree = "<group>";
		};
		8D88C747246D741300145BD2 /* Controller */ = {
			isa = PBXGroup;
			children = (
				8D38436A246D6ECF0036F42F /* AppDelegate.swift */,
				8D38436C246D6ECF0036F42F /* SceneDelegate.swift */,
				8D38436E246D6ECF0036F42F /* RootViewController.swift */,
				8D750687246DA88B0054497A /* LoginViewController.swift */,
				8D88C74C246D760300145BD2 /* AccountCreateViewController.swift */,
				8D88C74E246D76A600145BD2 /* ProfileRegisterViewController.swift */,
				8D75067F246D9EA00054497A /* AreaViewController.swift */,
				8D750681246D9F640054497A /* HobbyViewController.swift */,
				8D750683246D9FA90054497A /* SelfIntroViewController.swift */,
				8D88C750246D778300145BD2 /* AccountTakeoverViewController.swift */,
				8D750685246DA4CD0054497A /* TabbarController.swift */,
				8D88C754246D7A0A00145BD2 /* HomeViewController.swift */,
				8D1566DA246E4AE4009E73D0 /* UserByTappedViewController.swift */,
				8D1566DE246E4C6F009E73D0 /* UserByTappedContenerViewController.swift */,
				8D1566DC246E4B22009E73D0 /* CounselorByTappedViewController.swift */,
				8D1566E0246E4C8F009E73D0 /* CounselorByTappedContenerViewController.swift */,
				8D88C756246D7A8000145BD2 /* MessageViewController.swift */,
				8D88C758246D7B7300145BD2 /* HistoryViewController.swift */,
				8D88C75A246D7BAB00145BD2 /* TimelineViewController.swift */,
				8D88C75C246D7BE400145BD2 /* MyPageViewController.swift */,
			);
			path = Controller;
			sourceTree = "<group>";
		};
		8D88C748246D746600145BD2 /* View */ = {
			isa = PBXGroup;
			children = (
				8D384375246D6ED10036F42F /* LaunchScreen.storyboard */,
				8D384370246D6ECF0036F42F /* Main.storyboard */,
				8D421AAD246E706A00758F4B /* CustomTableViewCell.swift */,
				8D421AAE246E706A00758F4B /* CustomTableViewCell.xib */,
			);
			path = View;
			sourceTree = "<group>";
		};
		8D88C749246D748C00145BD2 /* Model */ = {
			isa = PBXGroup;
			children = (
				8D88C74A246D74F600145BD2 /* Model.swift */,
			);
			path = Model;
			sourceTree = "<group>";
		};
/* End PBXGroup section */

/* Begin PBXNativeTarget section */
		8D384366246D6ECF0036F42F /* OnlineCounseling */ = {
			isa = PBXNativeTarget;
			buildConfigurationList = 8D38437B246D6ED10036F42F /* Build configuration list for PBXNativeTarget "OnlineCounseling" */;
			buildPhases = (
				E7E5C0CBAB2D0DAEDCBF68C0 /* [CP] Check Pods Manifest.lock */,
				8D384363246D6ECF0036F42F /* Sources */,
				8D384364246D6ECF0036F42F /* Frameworks */,
				8D384365246D6ECF0036F42F /* Resources */,
				BB56715E43EFB035D9301216 /* [CP] Embed Pods Frameworks */,
				EA78C31423A781D6BA2E33D2 /* [CP] Copy Pods Resources */,
			);
			buildRules = (
			);
			dependencies = (
			);
			name = OnlineCounseling;
			productName = OnlineCounseling;
			productReference = 8D384367246D6ECF0036F42F /* OnlineCounseling.app */;
			productType = "com.apple.product-type.application";
		};
/* End PBXNativeTarget section */

/* Begin PBXProject section */
		8D38435F246D6ECF0036F42F /* Project object */ = {
			isa = PBXProject;
			attributes = {
				LastSwiftUpdateCheck = 1140;
				LastUpgradeCheck = 1140;
				ORGANIZATIONNAME = "福山帆士";
				TargetAttributes = {
					8D384366246D6ECF0036F42F = {
						CreatedOnToolsVersion = 11.4.1;
					};
				};
			};
			buildConfigurationList = 8D384362246D6ECF0036F42F /* Build configuration list for PBXProject "OnlineCounseling" */;
			compatibilityVersion = "Xcode 9.3";
			developmentRegion = en;
			hasScannedForEncodings = 0;
			knownRegions = (
				en,
				Base,
			);
			mainGroup = 8D38435E246D6ECF0036F42F;
			productRefGroup = 8D384368246D6ECF0036F42F /* Products */;
			projectDirPath = "";
			projectRoot = "";
			targets = (
				8D384366246D6ECF0036F42F /* OnlineCounseling */,
			);
		};
/* End PBXProject section */

/* Begin PBXResourcesBuildPhase section */
		8D384365246D6ECF0036F42F /* Resources */ = {
			isa = PBXResourcesBuildPhase;
			buildActionMask = 2147483647;
			files = (
				8D421AB0246E706A00758F4B /* CustomTableViewCell.xib in Resources */,
				8D384377246D6ED10036F42F /* LaunchScreen.storyboard in Resources */,
				8D38437F246D6F6F0036F42F /* GoogleService-Info.plist in Resources */,
				8D384374246D6ED10036F42F /* Assets.xcassets in Resources */,
				8D384372246D6ECF0036F42F /* Main.storyboard in Resources */,
			);
			runOnlyForDeploymentPostprocessing = 0;
		};
/* End PBXResourcesBuildPhase section */

/* Begin PBXShellScriptBuildPhase section */
		BB56715E43EFB035D9301216 /* [CP] Embed Pods Frameworks */ = {
			isa = PBXShellScriptBuildPhase;
			buildActionMask = 2147483647;
			files = (
			);
			inputFileListPaths = (
				"${PODS_ROOT}/Target Support Files/Pods-OnlineCounseling/Pods-OnlineCounseling-frameworks-${CONFIGURATION}-input-files.xcfilelist",
			);
			name = "[CP] Embed Pods Frameworks";
			outputFileListPaths = (
				"${PODS_ROOT}/Target Support Files/Pods-OnlineCounseling/Pods-OnlineCounseling-frameworks-${CONFIGURATION}-output-files.xcfilelist",
			);
			runOnlyForDeploymentPostprocessing = 0;
			shellPath = /bin/sh;
			shellScript = "\"${PODS_ROOT}/Target Support Files/Pods-OnlineCounseling/Pods-OnlineCounseling-frameworks.sh\"\n";
			showEnvVarsInLog = 0;
		};
		E7E5C0CBAB2D0DAEDCBF68C0 /* [CP] Check Pods Manifest.lock */ = {
			isa = PBXShellScriptBuildPhase;
			buildActionMask = 2147483647;
			files = (
			);
			inputFileListPaths = (
			);
			inputPaths = (
				"${PODS_PODFILE_DIR_PATH}/Podfile.lock",
				"${PODS_ROOT}/Manifest.lock",
			);
			name = "[CP] Check Pods Manifest.lock";
			outputFileListPaths = (
			);
			outputPaths = (
				"$(DERIVED_FILE_DIR)/Pods-OnlineCounseling-checkManifestLockResult.txt",
			);
			runOnlyForDeploymentPostprocessing = 0;
			shellPath = /bin/sh;
			shellScript = "diff \"${PODS_PODFILE_DIR_PATH}/Podfile.lock\" \"${PODS_ROOT}/Manifest.lock\" > /dev/null\nif [ $? != 0 ] ; then\n    # print error to STDERR\n    echo \"error: The sandbox is not in sync with the Podfile.lock. Run 'pod install' or update your CocoaPods installation.\" >&2\n    exit 1\nfi\n# This output is used by Xcode 'outputs' to avoid re-running this script phase.\necho \"SUCCESS\" > \"${SCRIPT_OUTPUT_FILE_0}\"\n";
			showEnvVarsInLog = 0;
		};
		EA78C31423A781D6BA2E33D2 /* [CP] Copy Pods Resources */ = {
			isa = PBXShellScriptBuildPhase;
			buildActionMask = 2147483647;
			files = (
			);
			inputFileListPaths = (
				"${PODS_ROOT}/Target Support Files/Pods-OnlineCounseling/Pods-OnlineCounseling-resources-${CONFIGURATION}-input-files.xcfilelist",
			);
			name = "[CP] Copy Pods Resources";
			outputFileListPaths = (
				"${PODS_ROOT}/Target Support Files/Pods-OnlineCounseling/Pods-OnlineCounseling-resources-${CONFIGURATION}-output-files.xcfilelist",
			);
			runOnlyForDeploymentPostprocessing = 0;
			shellPath = /bin/sh;
			shellScript = "\"${PODS_ROOT}/Target Support Files/Pods-OnlineCounseling/Pods-OnlineCounseling-resources.sh\"\n";
			showEnvVarsInLog = 0;
		};
/* End PBXShellScriptBuildPhase section */

/* Begin PBXSourcesBuildPhase section */
		8D384363246D6ECF0036F42F /* Sources */ = {
			isa = PBXSourcesBuildPhase;
			buildActionMask = 2147483647;
			files = (
				8D421AAF246E706A00758F4B /* CustomTableViewCell.swift in Sources */,
				8D38436F246D6ECF0036F42F /* RootViewController.swift in Sources */,
				8D750686246DA4CD0054497A /* TabbarController.swift in Sources */,
				8D88C75B246D7BAB00145BD2 /* TimelineViewController.swift in Sources */,
				8D88C751246D778300145BD2 /* AccountTakeoverViewController.swift in Sources */,
				8D38436B246D6ECF0036F42F /* AppDelegate.swift in Sources */,
				8D750684246D9FA90054497A /* SelfIntroViewController.swift in Sources */,
				8D1566DB246E4AE4009E73D0 /* UserByTappedViewController.swift in Sources */,
				8D1566DD246E4B22009E73D0 /* CounselorByTappedViewController.swift in Sources */,
				8D750680246D9EA00054497A /* AreaViewController.swift in Sources */,
				8D88C759246D7B7300145BD2 /* HistoryViewController.swift in Sources */,
				8D88C757246D7A8000145BD2 /* MessageViewController.swift in Sources */,
				8D88C74D246D760300145BD2 /* AccountCreateViewController.swift in Sources */,
				8D88C75D246D7BE400145BD2 /* MyPageViewController.swift in Sources */,
				8D750682246D9F640054497A /* HobbyViewController.swift in Sources */,
				8D88C755246D7A0A00145BD2 /* HomeViewController.swift in Sources */,
				8D750688246DA88B0054497A /* LoginViewController.swift in Sources */,
				8D1566E1246E4C8F009E73D0 /* CounselorByTappedContenerViewController.swift in Sources */,
				8D1566DF246E4C6F009E73D0 /* UserByTappedContenerViewController.swift in Sources */,
				8D38436D246D6ECF0036F42F /* SceneDelegate.swift in Sources */,
				8D88C74B246D74F600145BD2 /* Model.swift in Sources */,
				8D88C74F246D76A600145BD2 /* ProfileRegisterViewController.swift in Sources */,
			);
			runOnlyForDeploymentPostprocessing = 0;
		};
/* End PBXSourcesBuildPhase section */

/* Begin PBXVariantGroup section */
		8D384370246D6ECF0036F42F /* Main.storyboard */ = {
			isa = PBXVariantGroup;
			children = (
				8D384371246D6ECF0036F42F /* Base */,
			);
			name = Main.storyboard;
			sourceTree = "<group>";
		};
		8D384375246D6ED10036F42F /* LaunchScreen.storyboard */ = {
			isa = PBXVariantGroup;
			children = (
				8D384376246D6ED10036F42F /* Base */,
			);
			name = LaunchScreen.storyboard;
			sourceTree = "<group>";
		};
/* End PBXVariantGroup section */

/* Begin XCBuildConfiguration section */
		8D384379246D6ED10036F42F /* Debug */ = {
			isa = XCBuildConfiguration;
			buildSettings = {
				ALWAYS_SEARCH_USER_PATHS = NO;
				CLANG_ANALYZER_NONNULL = YES;
				CLANG_ANALYZER_NUMBER_OBJECT_CONVERSION = YES_AGGRESSIVE;
				CLANG_CXX_LANGUAGE_STANDARD = "gnu++14";
				CLANG_CXX_LIBRARY = "libc++";
				CLANG_ENABLE_MODULES = YES;
				CLANG_ENABLE_OBJC_ARC = YES;
				CLANG_ENABLE_OBJC_WEAK = YES;
				CLANG_WARN_BLOCK_CAPTURE_AUTORELEASING = YES;
				CLANG_WARN_BOOL_CONVERSION = YES;
				CLANG_WARN_COMMA = YES;
				CLANG_WARN_CONSTANT_CONVERSION = YES;
				CLANG_WARN_DEPRECATED_OBJC_IMPLEMENTATIONS = YES;
				CLANG_WARN_DIRECT_OBJC_ISA_USAGE = YES_ERROR;
				CLANG_WARN_DOCUMENTATION_COMMENTS = YES;
				CLANG_WARN_EMPTY_BODY = YES;
				CLANG_WARN_ENUM_CONVERSION = YES;
				CLANG_WARN_INFINITE_RECURSION = YES;
				CLANG_WARN_INT_CONVERSION = YES;
				CLANG_WARN_NON_LITERAL_NULL_CONVERSION = YES;
				CLANG_WARN_OBJC_IMPLICIT_RETAIN_SELF = YES;
				CLANG_WARN_OBJC_LITERAL_CONVERSION = YES;
				CLANG_WARN_OBJC_ROOT_CLASS = YES_ERROR;
				CLANG_WARN_RANGE_LOOP_ANALYSIS = YES;
				CLANG_WARN_STRICT_PROTOTYPES = YES;
				CLANG_WARN_SUSPICIOUS_MOVE = YES;
				CLANG_WARN_UNGUARDED_AVAILABILITY = YES_AGGRESSIVE;
				CLANG_WARN_UNREACHABLE_CODE = YES;
				CLANG_WARN__DUPLICATE_METHOD_MATCH = YES;
				COPY_PHASE_STRIP = NO;
				DEBUG_INFORMATION_FORMAT = dwarf;
				ENABLE_STRICT_OBJC_MSGSEND = YES;
				ENABLE_TESTABILITY = YES;
				GCC_C_LANGUAGE_STANDARD = gnu11;
				GCC_DYNAMIC_NO_PIC = NO;
				GCC_NO_COMMON_BLOCKS = YES;
				GCC_OPTIMIZATION_LEVEL = 0;
				GCC_PREPROCESSOR_DEFINITIONS = (
					"DEBUG=1",
					"$(inherited)",
				);
				GCC_WARN_64_TO_32_BIT_CONVERSION = YES;
				GCC_WARN_ABOUT_RETURN_TYPE = YES_ERROR;
				GCC_WARN_UNDECLARED_SELECTOR = YES;
				GCC_WARN_UNINITIALIZED_AUTOS = YES_AGGRESSIVE;
				GCC_WARN_UNUSED_FUNCTION = YES;
				GCC_WARN_UNUSED_VARIABLE = YES;
				IPHONEOS_DEPLOYMENT_TARGET = 13.4;
				MTL_ENABLE_DEBUG_INFO = INCLUDE_SOURCE;
				MTL_FAST_MATH = YES;
				ONLY_ACTIVE_ARCH = YES;
				SDKROOT = iphoneos;
				SWIFT_ACTIVE_COMPILATION_CONDITIONS = DEBUG;
				SWIFT_OPTIMIZATION_LEVEL = "-Onone";
			};
			name = Debug;
		};
		8D38437A246D6ED10036F42F /* Release */ = {
			isa = XCBuildConfiguration;
			buildSettings = {
				ALWAYS_SEARCH_USER_PATHS = NO;
				CLANG_ANALYZER_NONNULL = YES;
				CLANG_ANALYZER_NUMBER_OBJECT_CONVERSION = YES_AGGRESSIVE;
				CLANG_CXX_LANGUAGE_STANDARD = "gnu++14";
				CLANG_CXX_LIBRARY = "libc++";
				CLANG_ENABLE_MODULES = YES;
				CLANG_ENABLE_OBJC_ARC = YES;
				CLANG_ENABLE_OBJC_WEAK = YES;
				CLANG_WARN_BLOCK_CAPTURE_AUTORELEASING = YES;
				CLANG_WARN_BOOL_CONVERSION = YES;
				CLANG_WARN_COMMA = YES;
				CLANG_WARN_CONSTANT_CONVERSION = YES;
				CLANG_WARN_DEPRECATED_OBJC_IMPLEMENTATIONS = YES;
				CLANG_WARN_DIRECT_OBJC_ISA_USAGE = YES_ERROR;
				CLANG_WARN_DOCUMENTATION_COMMENTS = YES;
				CLANG_WARN_EMPTY_BODY = YES;
				CLANG_WARN_ENUM_CONVERSION = YES;
				CLANG_WARN_INFINITE_RECURSION = YES;
				CLANG_WARN_INT_CONVERSION = YES;
				CLANG_WARN_NON_LITERAL_NULL_CONVERSION = YES;
				CLANG_WARN_OBJC_IMPLICIT_RETAIN_SELF = YES;
				CLANG_WARN_OBJC_LITERAL_CONVERSION = YES;
				CLANG_WARN_OBJC_ROOT_CLASS = YES_ERROR;
				CLANG_WARN_RANGE_LOOP_ANALYSIS = YES;
				CLANG_WARN_STRICT_PROTOTYPES = YES;
				CLANG_WARN_SUSPICIOUS_MOVE = YES;
				CLANG_WARN_UNGUARDED_AVAILABILITY = YES_AGGRESSIVE;
				CLANG_WARN_UNREACHABLE_CODE = YES;
				CLANG_WARN__DUPLICATE_METHOD_MATCH = YES;
				COPY_PHASE_STRIP = NO;
				DEBUG_INFORMATION_FORMAT = "dwarf-with-dsym";
				ENABLE_NS_ASSERTIONS = NO;
				ENABLE_STRICT_OBJC_MSGSEND = YES;
				GCC_C_LANGUAGE_STANDARD = gnu11;
				GCC_NO_COMMON_BLOCKS = YES;
				GCC_WARN_64_TO_32_BIT_CONVERSION = YES;
				GCC_WARN_ABOUT_RETURN_TYPE = YES_ERROR;
				GCC_WARN_UNDECLARED_SELECTOR = YES;
				GCC_WARN_UNINITIALIZED_AUTOS = YES_AGGRESSIVE;
				GCC_WARN_UNUSED_FUNCTION = YES;
				GCC_WARN_UNUSED_VARIABLE = YES;
				IPHONEOS_DEPLOYMENT_TARGET = 13.4;
				MTL_ENABLE_DEBUG_INFO = NO;
				MTL_FAST_MATH = YES;
				SDKROOT = iphoneos;
				SWIFT_COMPILATION_MODE = wholemodule;
				SWIFT_OPTIMIZATION_LEVEL = "-O";
				VALIDATE_PRODUCT = YES;
			};
			name = Release;
		};
		8D38437C246D6ED10036F42F /* Debug */ = {
			isa = XCBuildConfiguration;
			baseConfigurationReference = 92E5C629918B0906E252E473 /* Pods-OnlineCounseling.debug.xcconfig */;
			buildSettings = {
				ASSETCATALOG_COMPILER_APPICON_NAME = AppIcon;
				CODE_SIGN_STYLE = Automatic;
				DEVELOPMENT_TEAM = 892RDRHR25;
				INFOPLIST_FILE = OnlineCounseling/Info.plist;
				LD_RUNPATH_SEARCH_PATHS = (
					"$(inherited)",
					"@executable_path/Frameworks",
				);
				PRODUCT_BUNDLE_IDENTIFIER = hoshi.fukuyama.OnlineCounseling;
				PRODUCT_NAME = "$(TARGET_NAME)";
				SWIFT_VERSION = 5.0;
				TARGETED_DEVICE_FAMILY = "1,2";
			};
			name = Debug;
		};
		8D38437D246D6ED10036F42F /* Release */ = {
			isa = XCBuildConfiguration;
			baseConfigurationReference = 57AAAA0547DA6935D56A5A79 /* Pods-OnlineCounseling.release.xcconfig */;
			buildSettings = {
				ASSETCATALOG_COMPILER_APPICON_NAME = AppIcon;
				CODE_SIGN_STYLE = Automatic;
				DEVELOPMENT_TEAM = 892RDRHR25;
				INFOPLIST_FILE = OnlineCounseling/Info.plist;
				LD_RUNPATH_SEARCH_PATHS = (
					"$(inherited)",
					"@executable_path/Frameworks",
				);
				PRODUCT_BUNDLE_IDENTIFIER = hoshi.fukuyama.OnlineCounseling;
				PRODUCT_NAME = "$(TARGET_NAME)";
				SWIFT_VERSION = 5.0;
				TARGETED_DEVICE_FAMILY = "1,2";
			};
			name = Release;
		};
/* End XCBuildConfiguration section */

/* Begin XCConfigurationList section */
		8D384362246D6ECF0036F42F /* Build configuration list for PBXProject "OnlineCounseling" */ = {
			isa = XCConfigurationList;
			buildConfigurations = (
				8D384379246D6ED10036F42F /* Debug */,
				8D38437A246D6ED10036F42F /* Release */,
			);
			defaultConfigurationIsVisible = 0;
			defaultConfigurationName = Release;
		};
		8D38437B246D6ED10036F42F /* Build configuration list for PBXNativeTarget "OnlineCounseling" */ = {
			isa = XCConfigurationList;
			buildConfigurations = (
				8D38437C246D6ED10036F42F /* Debug */,
				8D38437D246D6ED10036F42F /* Release */,
			);
			defaultConfigurationIsVisible = 0;
			defaultConfigurationName = Release;
		};
/* End XCConfigurationList section */
	};
	rootObject = 8D38435F246D6ECF0036F42F /* Project object */;
}
